github.com/sku0x20/gRunner v0.0.2 h1:bfDaJKfr6e/Vl50dA3iTqYXHsi85cAT2pafV4/Nvoaw=
github.com/sku0x20/gRunner v0.0.2/go.mod h1:oxDL8Nj/f6s+SS3PNdgkwP0Lk0LYwUYIo0oY1XxWSQA=
github.com/sku0x20/gRunner v0.0.3 h1:1bCz8hR2zkOLsn2R/+dRTTcVIkA8E/DzPULRi3iBHH8=
github.com/sku0x20/gRunner v0.0.3/go.mod h1:oxDL8Nj/f6s+SS3PNdgkwP0Lk0LYwUYIo0oY1XxWSQA=
